// !$*UTF8*$!
{
	archiveVersion = 1;
	classes = {
	};
	objectVersion = 55;
	objects = {

/* Begin PBXBuildFile section */
		B71981DC2940A1CE0043A149 /* AppDelegate.swift in Sources */ = {isa = PBXBuildFile; fileRef = B71981DB2940A1CE0043A149 /* AppDelegate.swift */; };
		B71981DE2940A1CE0043A149 /* SceneDelegate.swift in Sources */ = {isa = PBXBuildFile; fileRef = B71981DD2940A1CE0043A149 /* SceneDelegate.swift */; };
		B71981E02940A1CE0043A149 /* ViewController.swift in Sources */ = {isa = PBXBuildFile; fileRef = B71981DF2940A1CE0043A149 /* ViewController.swift */; };
		B71981E32940A1CE0043A149 /* Main.storyboard in Resources */ = {isa = PBXBuildFile; fileRef = B71981E12940A1CE0043A149 /* Main.storyboard */; };
		B71981E52940A1D30043A149 /* Assets.xcassets in Resources */ = {isa = PBXBuildFile; fileRef = B71981E42940A1D30043A149 /* Assets.xcassets */; };
		B71981E82940A1D30043A149 /* LaunchScreen.storyboard in Resources */ = {isa = PBXBuildFile; fileRef = B71981E62940A1D30043A149 /* LaunchScreen.storyboard */; };
		B71982002940A8540043A149 /* DBInterface.swift in Sources */ = {isa = PBXBuildFile; fileRef = B71981F52940A8540043A149 /* DBInterface.swift */; };
		B71982022940A8540043A149 /* DBManager.swift in Sources */ = {isa = PBXBuildFile; fileRef = B71981FA2940A8540043A149 /* DBManager.swift */; };
		B71982072940B95D0043A149 /* StockCategoryModel.swift in Sources */ = {isa = PBXBuildFile; fileRef = B71982062940B95D0043A149 /* StockCategoryModel.swift */; };
		B71982092940B9780043A149 /* StockPhotosModel.swift in Sources */ = {isa = PBXBuildFile; fileRef = B71982082940B9780043A149 /* StockPhotosModel.swift */; };
		B719822C294191300043A149 /* FMDatabase.m in Sources */ = {isa = PBXBuildFile; fileRef = B71982232941912D0043A149 /* FMDatabase.m */; };
		B719822D294191300043A149 /* FMDatabaseQueue.m in Sources */ = {isa = PBXBuildFile; fileRef = B71982242941912E0043A149 /* FMDatabaseQueue.m */; };
		B719822E294191300043A149 /* FMDatabasePool.m in Sources */ = {isa = PBXBuildFile; fileRef = B71982262941912E0043A149 /* FMDatabasePool.m */; };
		B719822F294191300043A149 /* FMDatabaseAdditions.m in Sources */ = {isa = PBXBuildFile; fileRef = B71982272941912E0043A149 /* FMDatabaseAdditions.m */; };
		B7198230294191300043A149 /* FMResultSet.m in Sources */ = {isa = PBXBuildFile; fileRef = B719822B294191300043A149 /* FMResultSet.m */; };
		B73654C12954229D00171D76 /* Network.swift in Sources */ = {isa = PBXBuildFile; fileRef = B73654BE2954229D00171D76 /* Network.swift */; };
		B73654C22954229D00171D76 /* StockDownloadManager.swift in Sources */ = {isa = PBXBuildFile; fileRef = B73654BF2954229D00171D76 /* StockDownloadManager.swift */; };
		B73654C32954229D00171D76 /* NetworkOperation.swift in Sources */ = {isa = PBXBuildFile; fileRef = B73654C02954229D00171D76 /* NetworkOperation.swift */; };
		B7EDB6D82954625700F9F73F /* Ext.swift in Sources */ = {isa = PBXBuildFile; fileRef = B7EDB6D72954625600F9F73F /* Ext.swift */; };
		B7EDB6DB29548ECC00F9F73F /* CollectionViewCell.xib in Resources */ = {isa = PBXBuildFile; fileRef = B7EDB6D929548ECC00F9F73F /* CollectionViewCell.xib */; };
		B7EDB6DC29548ECC00F9F73F /* CollectionViewCell.swift in Sources */ = {isa = PBXBuildFile; fileRef = B7EDB6DA29548ECC00F9F73F /* CollectionViewCell.swift */; };
		B7EDB6DE29548FE400F9F73F /* CircularLoop.swift in Sources */ = {isa = PBXBuildFile; fileRef = B7EDB6DD29548FE400F9F73F /* CircularLoop.swift */; };
		C1AA8CDCB581312E6E189058 /* Pods_ServerBackground.framework in Frameworks */ = {isa = PBXBuildFile; fileRef = FAD7CE5D20E37D0AB67A2500 /* Pods_ServerBackground.framework */; };
/* End PBXBuildFile section */

/* Begin PBXFileReference section */
		70A7860EBFA89A828DD65D32 /* Pods-ServerBackground.release.xcconfig */ = {isa = PBXFileReference; includeInIndex = 1; lastKnownFileType = text.xcconfig; name = "Pods-ServerBackground.release.xcconfig"; path = "Target Support Files/Pods-ServerBackground/Pods-ServerBackground.release.xcconfig"; sourceTree = "<group>"; };
		B71981D82940A1CE0043A149 /* ServerBackground.app */ = {isa = PBXFileReference; explicitFileType = wrapper.application; includeInIndex = 0; path = ServerBackground.app; sourceTree = BUILT_PRODUCTS_DIR; };
		B71981DB2940A1CE0043A149 /* AppDelegate.swift */ = {isa = PBXFileReference; lastKnownFileType = sourcecode.swift; path = AppDelegate.swift; sourceTree = "<group>"; };
		B71981DD2940A1CE0043A149 /* SceneDelegate.swift */ = {isa = PBXFileReference; lastKnownFileType = sourcecode.swift; path = SceneDelegate.swift; sourceTree = "<group>"; };
		B71981DF2940A1CE0043A149 /* ViewController.swift */ = {isa = PBXFileReference; lastKnownFileType = sourcecode.swift; path = ViewController.swift; sourceTree = "<group>"; };
		B71981E22940A1CE0043A149 /* Base */ = {isa = PBXFileReference; lastKnownFileType = file.storyboard; name = Base; path = Base.lproj/Main.storyboard; sourceTree = "<group>"; };
		B71981E42940A1D30043A149 /* Assets.xcassets */ = {isa = PBXFileReference; lastKnownFileType = folder.assetcatalog; path = Assets.xcassets; sourceTree = "<group>"; };
		B71981E72940A1D30043A149 /* Base */ = {isa = PBXFileReference; lastKnownFileType = file.storyboard; name = Base; path = Base.lproj/LaunchScreen.storyboard; sourceTree = "<group>"; };
		B71981E92940A1D30043A149 /* Info.plist */ = {isa = PBXFileReference; lastKnownFileType = text.plist.xml; path = Info.plist; sourceTree = "<group>"; };
		B71981F52940A8540043A149 /* DBInterface.swift */ = {isa = PBXFileReference; fileEncoding = 4; lastKnownFileType = sourcecode.swift; path = DBInterface.swift; sourceTree = "<group>"; };
		B71981FA2940A8540043A149 /* DBManager.swift */ = {isa = PBXFileReference; fileEncoding = 4; lastKnownFileType = sourcecode.swift; path = DBManager.swift; sourceTree = "<group>"; };
		B71982062940B95D0043A149 /* StockCategoryModel.swift */ = {isa = PBXFileReference; lastKnownFileType = sourcecode.swift; path = StockCategoryModel.swift; sourceTree = "<group>"; };
		B71982082940B9780043A149 /* StockPhotosModel.swift */ = {isa = PBXFileReference; lastKnownFileType = sourcecode.swift; path = StockPhotosModel.swift; sourceTree = "<group>"; };
		B719821F2941912C0043A149 /* ServerBackground-Bridging-Header.h */ = {isa = PBXFileReference; lastKnownFileType = sourcecode.c.h; path = "ServerBackground-Bridging-Header.h"; sourceTree = "<group>"; };
		B71982202941912D0043A149 /* FMDatabasePool.h */ = {isa = PBXFileReference; fileEncoding = 4; lastKnownFileType = sourcecode.c.h; path = FMDatabasePool.h; sourceTree = "<group>"; };
		B71982222941912D0043A149 /* FMDatabase.h */ = {isa = PBXFileReference; fileEncoding = 4; lastKnownFileType = sourcecode.c.h; path = FMDatabase.h; sourceTree = "<group>"; };
		B71982232941912D0043A149 /* FMDatabase.m */ = {isa = PBXFileReference; fileEncoding = 4; lastKnownFileType = sourcecode.c.objc; path = FMDatabase.m; sourceTree = "<group>"; };
		B71982242941912E0043A149 /* FMDatabaseQueue.m */ = {isa = PBXFileReference; fileEncoding = 4; lastKnownFileType = sourcecode.c.objc; path = FMDatabaseQueue.m; sourceTree = "<group>"; };
		B71982252941912E0043A149 /* FMDB.h */ = {isa = PBXFileReference; fileEncoding = 4; lastKnownFileType = sourcecode.c.h; path = FMDB.h; sourceTree = "<group>"; };
		B71982262941912E0043A149 /* FMDatabasePool.m */ = {isa = PBXFileReference; fileEncoding = 4; lastKnownFileType = sourcecode.c.objc; path = FMDatabasePool.m; sourceTree = "<group>"; };
		B71982272941912E0043A149 /* FMDatabaseAdditions.m */ = {isa = PBXFileReference; fileEncoding = 4; lastKnownFileType = sourcecode.c.objc; path = FMDatabaseAdditions.m; sourceTree = "<group>"; };
		B71982282941912E0043A149 /* FMDatabaseAdditions.h */ = {isa = PBXFileReference; fileEncoding = 4; lastKnownFileType = sourcecode.c.h; path = FMDatabaseAdditions.h; sourceTree = "<group>"; };
		B71982292941912E0043A149 /* FMResultSet.h */ = {isa = PBXFileReference; fileEncoding = 4; lastKnownFileType = sourcecode.c.h; path = FMResultSet.h; sourceTree = "<group>"; };
		B719822A2941912F0043A149 /* FMDatabaseQueue.h */ = {isa = PBXFileReference; fileEncoding = 4; lastKnownFileType = sourcecode.c.h; path = FMDatabaseQueue.h; sourceTree = "<group>"; };
		B719822B294191300043A149 /* FMResultSet.m */ = {isa = PBXFileReference; fileEncoding = 4; lastKnownFileType = sourcecode.c.objc; path = FMResultSet.m; sourceTree = "<group>"; };
		B73654BE2954229D00171D76 /* Network.swift */ = {isa = PBXFileReference; fileEncoding = 4; lastKnownFileType = sourcecode.swift; path = Network.swift; sourceTree = "<group>"; };
		B73654BF2954229D00171D76 /* StockDownloadManager.swift */ = {isa = PBXFileReference; fileEncoding = 4; lastKnownFileType = sourcecode.swift; path = StockDownloadManager.swift; sourceTree = "<group>"; };
		B73654C02954229D00171D76 /* NetworkOperation.swift */ = {isa = PBXFileReference; fileEncoding = 4; lastKnownFileType = sourcecode.swift; path = NetworkOperation.swift; sourceTree = "<group>"; };
		B7EDB6D72954625600F9F73F /* Ext.swift */ = {isa = PBXFileReference; lastKnownFileType = sourcecode.swift; path = Ext.swift; sourceTree = "<group>"; };
		B7EDB6D929548ECC00F9F73F /* CollectionViewCell.xib */ = {isa = PBXFileReference; fileEncoding = 4; lastKnownFileType = file.xib; path = CollectionViewCell.xib; sourceTree = "<group>"; };
		B7EDB6DA29548ECC00F9F73F /* CollectionViewCell.swift */ = {isa = PBXFileReference; fileEncoding = 4; lastKnownFileType = sourcecode.swift; path = CollectionViewCell.swift; sourceTree = "<group>"; };
		B7EDB6DD29548FE400F9F73F /* CircularLoop.swift */ = {isa = PBXFileReference; fileEncoding = 4; lastKnownFileType = sourcecode.swift; path = CircularLoop.swift; sourceTree = "<group>"; };
		F59604E96CCE7770320A335F /* Pods-ServerBackground.debug.xcconfig */ = {isa = PBXFileReference; includeInIndex = 1; lastKnownFileType = text.xcconfig; name = "Pods-ServerBackground.debug.xcconfig"; path = "Target Support Files/Pods-ServerBackground/Pods-ServerBackground.debug.xcconfig"; sourceTree = "<group>"; };
		FAD7CE5D20E37D0AB67A2500 /* Pods_ServerBackground.framework */ = {isa = PBXFileReference; explicitFileType = wrapper.framework; includeInIndex = 0; path = Pods_ServerBackground.framework; sourceTree = BUILT_PRODUCTS_DIR; };
/* End PBXFileReference section */

/* Begin PBXFrameworksBuildPhase section */
		B71981D52940A1CE0043A149 /* Frameworks */ = {
			isa = PBXFrameworksBuildPhase;
			buildActionMask = 2147483647;
			files = (
				C1AA8CDCB581312E6E189058 /* Pods_ServerBackground.framework in Frameworks */,
			);
			runOnlyForDeploymentPostprocessing = 0;
		};
/* End PBXFrameworksBuildPhase section */

/* Begin PBXGroup section */
		85577830A43342A402D1A0DF /* Pods */ = {
			isa = PBXGroup;
			children = (
				F59604E96CCE7770320A335F /* Pods-ServerBackground.debug.xcconfig */,
				70A7860EBFA89A828DD65D32 /* Pods-ServerBackground.release.xcconfig */,
			);
			path = Pods;
			sourceTree = "<group>";
		};
		9AEEA3D515CC5F54721E2531 /* Frameworks */ = {
			isa = PBXGroup;
			children = (
				FAD7CE5D20E37D0AB67A2500 /* Pods_ServerBackground.framework */,
			);
			name = Frameworks;
			sourceTree = "<group>";
		};
		B71981CF2940A1CE0043A149 = {
			isa = PBXGroup;
			children = (
				B71981DA2940A1CE0043A149 /* ServerBackground */,
				B71981D92940A1CE0043A149 /* Products */,
				85577830A43342A402D1A0DF /* Pods */,
				9AEEA3D515CC5F54721E2531 /* Frameworks */,
			);
			sourceTree = "<group>";
		};
		B71981D92940A1CE0043A149 /* Products */ = {
			isa = PBXGroup;
			children = (
				B71981D82940A1CE0043A149 /* ServerBackground.app */,
			);
			name = Products;
			sourceTree = "<group>";
		};
		B71981DA2940A1CE0043A149 /* ServerBackground */ = {
			isa = PBXGroup;
			children = (
				B73654BD2954226D00171D76 /* ServerSide */,
				B71981EF2940A8540043A149 /* DataBase */,
				B71981F52940A8540043A149 /* DBInterface.swift */,
				B71981FA2940A8540043A149 /* DBManager.swift */,
				B71981DB2940A1CE0043A149 /* AppDelegate.swift */,
				B71982062940B95D0043A149 /* StockCategoryModel.swift */,
				B71982082940B9780043A149 /* StockPhotosModel.swift */,
				B71981DD2940A1CE0043A149 /* SceneDelegate.swift */,
				B71981DF2940A1CE0043A149 /* ViewController.swift */,
				B71981E12940A1CE0043A149 /* Main.storyboard */,
				B71981E42940A1D30043A149 /* Assets.xcassets */,
				B71981E62940A1D30043A149 /* LaunchScreen.storyboard */,
				B71981E92940A1D30043A149 /* Info.plist */,
			);
			path = ServerBackground;
			sourceTree = "<group>";
		};
		B71981EF2940A8540043A149 /* DataBase */ = {
			isa = PBXGroup;
			children = (
				B71982222941912D0043A149 /* FMDatabase.h */,
				B71982232941912D0043A149 /* FMDatabase.m */,
				B71982282941912E0043A149 /* FMDatabaseAdditions.h */,
				B71982272941912E0043A149 /* FMDatabaseAdditions.m */,
				B71982202941912D0043A149 /* FMDatabasePool.h */,
				B71982262941912E0043A149 /* FMDatabasePool.m */,
				B719822A2941912F0043A149 /* FMDatabaseQueue.h */,
				B71982242941912E0043A149 /* FMDatabaseQueue.m */,
				B71982252941912E0043A149 /* FMDB.h */,
				B71982292941912E0043A149 /* FMResultSet.h */,
				B719822B294191300043A149 /* FMResultSet.m */,
				B719821F2941912C0043A149 /* ServerBackground-Bridging-Header.h */,
			);
			path = DataBase;
			sourceTree = "<group>";
		};
		B73654BD2954226D00171D76 /* ServerSide */ = {
			isa = PBXGroup;
			children = (
				B7EDB6DD29548FE400F9F73F /* CircularLoop.swift */,
				B73654BE2954229D00171D76 /* Network.swift */,
				B73654C02954229D00171D76 /* NetworkOperation.swift */,
				B73654BF2954229D00171D76 /* StockDownloadManager.swift */,
				B7EDB6D72954625600F9F73F /* Ext.swift */,
				B7EDB6DA29548ECC00F9F73F /* CollectionViewCell.swift */,
				B7EDB6D929548ECC00F9F73F /* CollectionViewCell.xib */,
			);
			path = ServerSide;
			sourceTree = "<group>";
		};
/* End PBXGroup section */

/* Begin PBXNativeTarget section */
		B71981D72940A1CE0043A149 /* ServerBackground */ = {
			isa = PBXNativeTarget;
			buildConfigurationList = B71981EC2940A1D30043A149 /* Build configuration list for PBXNativeTarget "ServerBackground" */;
			buildPhases = (
				1667162E47528427C1F1EE44 /* [CP] Check Pods Manifest.lock */,
				B71981D42940A1CE0043A149 /* Sources */,
				B71981D52940A1CE0043A149 /* Frameworks */,
				B71981D62940A1CE0043A149 /* Resources */,
				A022B4B7261DE54728C3B7A0 /* [CP] Embed Pods Frameworks */,
			);
			buildRules = (
			);
			dependencies = (
			);
			name = ServerBackground;
			productName = ServerBackground;
			productReference = B71981D82940A1CE0043A149 /* ServerBackground.app */;
			productType = "com.apple.product-type.application";
		};
/* End PBXNativeTarget section */

/* Begin PBXProject section */
		B71981D02940A1CE0043A149 /* Project object */ = {
			isa = PBXProject;
			attributes = {
				BuildIndependentTargetsInParallel = 1;
				LastSwiftUpdateCheck = 1340;
				LastUpgradeCheck = 1340;
				TargetAttributes = {
					B71981D72940A1CE0043A149 = {
						CreatedOnToolsVersion = 13.4.1;
						LastSwiftMigration = 1340;
					};
				};
			};
			buildConfigurationList = B71981D32940A1CE0043A149 /* Build configuration list for PBXProject "ServerBackground" */;
			compatibilityVersion = "Xcode 13.0";
			developmentRegion = en;
			hasScannedForEncodings = 0;
			knownRegions = (
				en,
				Base,
			);
			mainGroup = B71981CF2940A1CE0043A149;
			productRefGroup = B71981D92940A1CE0043A149 /* Products */;
			projectDirPath = "";
			projectRoot = "";
			targets = (
				B71981D72940A1CE0043A149 /* ServerBackground */,
			);
		};
/* End PBXProject section */

/* Begin PBXResourcesBuildPhase section */
		B71981D62940A1CE0043A149 /* Resources */ = {
			isa = PBXResourcesBuildPhase;
			buildActionMask = 2147483647;
			files = (
				B71981E82940A1D30043A149 /* LaunchScreen.storyboard in Resources */,
				B71981E52940A1D30043A149 /* Assets.xcassets in Resources */,
				B7EDB6DB29548ECC00F9F73F /* CollectionViewCell.xib in Resources */,
				B71981E32940A1CE0043A149 /* Main.storyboard in Resources */,
			);
			runOnlyForDeploymentPostprocessing = 0;
		};
/* End PBXResourcesBuildPhase section */

/* Begin PBXShellScriptBuildPhase section */
		1667162E47528427C1F1EE44 /* [CP] Check Pods Manifest.lock */ = {
			isa = PBXShellScriptBuildPhase;
			buildActionMask = 2147483647;
			files = (
			);
			inputFileListPaths = (
			);
			inputPaths = (
				"${PODS_PODFILE_DIR_PATH}/Podfile.lock",
				"${PODS_ROOT}/Manifest.lock",
			);
			name = "[CP] Check Pods Manifest.lock";
			outputFileListPaths = (
			);
			outputPaths = (
				"$(DERIVED_FILE_DIR)/Pods-ServerBackground-checkManifestLockResult.txt",
			);
			runOnlyForDeploymentPostprocessing = 0;
			shellPath = /bin/sh;
			shellScript = "diff \"${PODS_PODFILE_DIR_PATH}/Podfile.lock\" \"${PODS_ROOT}/Manifest.lock\" > /dev/null\nif [ $? != 0 ] ; then\n    # print error to STDERR\n    echo \"error: The sandbox is not in sync with the Podfile.lock. Run 'pod install' or update your CocoaPods installation.\" >&2\n    exit 1\nfi\n# This output is used by Xcode 'outputs' to avoid re-running this script phase.\necho \"SUCCESS\" > \"${SCRIPT_OUTPUT_FILE_0}\"\n";
			showEnvVarsInLog = 0;
		};
		A022B4B7261DE54728C3B7A0 /* [CP] Embed Pods Frameworks */ = {
			isa = PBXShellScriptBuildPhase;
			buildActionMask = 2147483647;
			files = (
			);
			inputFileListPaths = (
				"${PODS_ROOT}/Target Support Files/Pods-ServerBackground/Pods-ServerBackground-frameworks-${CONFIGURATION}-input-files.xcfilelist",
			);
			name = "[CP] Embed Pods Frameworks";
			outputFileListPaths = (
				"${PODS_ROOT}/Target Support Files/Pods-ServerBackground/Pods-ServerBackground-frameworks-${CONFIGURATION}-output-files.xcfilelist",
			);
			runOnlyForDeploymentPostprocessing = 0;
			shellPath = /bin/sh;
			shellScript = "\"${PODS_ROOT}/Target Support Files/Pods-ServerBackground/Pods-ServerBackground-frameworks.sh\"\n";
			showEnvVarsInLog = 0;
		};
/* End PBXShellScriptBuildPhase section */

/* Begin PBXSourcesBuildPhase section */
		B71981D42940A1CE0043A149 /* Sources */ = {
			isa = PBXSourcesBuildPhase;
			buildActionMask = 2147483647;
			files = (
				B73654C22954229D00171D76 /* StockDownloadManager.swift in Sources */,
				B73654C12954229D00171D76 /* Network.swift in Sources */,
				B7EDB6DC29548ECC00F9F73F /* CollectionViewCell.swift in Sources */,
				B71981E02940A1CE0043A149 /* ViewController.swift in Sources */,
				B71981DC2940A1CE0043A149 /* AppDelegate.swift in Sources */,
				B71982022940A8540043A149 /* DBManager.swift in Sources */,
				B7EDB6D82954625700F9F73F /* Ext.swift in Sources */,
				B71982092940B9780043A149 /* StockPhotosModel.swift in Sources */,
				B71982072940B95D0043A149 /* StockCategoryModel.swift in Sources */,
				B73654C32954229D00171D76 /* NetworkOperation.swift in Sources */,
				B71981DE2940A1CE0043A149 /* SceneDelegate.swift in Sources */,
				B7198230294191300043A149 /* FMResultSet.m in Sources */,
				B7EDB6DE29548FE400F9F73F /* CircularLoop.swift in Sources */,
				B71982002940A8540043A149 /* DBInterface.swift in Sources */,
				B719822F294191300043A149 /* FMDatabaseAdditions.m in Sources */,
				B719822E294191300043A149 /* FMDatabasePool.m in Sources */,
				B719822C294191300043A149 /* FMDatabase.m in Sources */,
				B719822D294191300043A149 /* FMDatabaseQueue.m in Sources */,
			);
			runOnlyForDeploymentPostprocessing = 0;
		};
/* End PBXSourcesBuildPhase section */

/* Begin PBXVariantGroup section */
		B71981E12940A1CE0043A149 /* Main.storyboard */ = {
			isa = PBXVariantGroup;
			children = (
				B71981E22940A1CE0043A149 /* Base */,
			);
			name = Main.storyboard;
			sourceTree = "<group>";
		};
		B71981E62940A1D30043A149 /* LaunchScreen.storyboard */ = {
			isa = PBXVariantGroup;
			children = (
				B71981E72940A1D30043A149 /* Base */,
			);
			name = LaunchScreen.storyboard;
			sourceTree = "<group>";
		};
/* End PBXVariantGroup section */

/* Begin XCBuildConfiguration section */
		B71981EA2940A1D30043A149 /* Debug */ = {
			isa = XCBuildConfiguration;
			buildSettings = {
				ALWAYS_SEARCH_USER_PATHS = NO;
				CLANG_ANALYZER_NONNULL = YES;
				CLANG_ANALYZER_NUMBER_OBJECT_CONVERSION = YES_AGGRESSIVE;
				CLANG_CXX_LANGUAGE_STANDARD = "gnu++17";
				CLANG_ENABLE_MODULES = YES;
				CLANG_ENABLE_OBJC_ARC = YES;
				CLANG_ENABLE_OBJC_WEAK = YES;
				CLANG_WARN_BLOCK_CAPTURE_AUTORELEASING = YES;
				CLANG_WARN_BOOL_CONVERSION = YES;
				CLANG_WARN_COMMA = YES;
				CLANG_WARN_CONSTANT_CONVERSION = YES;
				CLANG_WARN_DEPRECATED_OBJC_IMPLEMENTATIONS = YES;
				CLANG_WARN_DIRECT_OBJC_ISA_USAGE = YES_ERROR;
				CLANG_WARN_DOCUMENTATION_COMMENTS = YES;
				CLANG_WARN_EMPTY_BODY = YES;
				CLANG_WARN_ENUM_CONVERSION = YES;
				CLANG_WARN_INFINITE_RECURSION = YES;
				CLANG_WARN_INT_CONVERSION = YES;
				CLANG_WARN_NON_LITERAL_NULL_CONVERSION = YES;
				CLANG_WARN_OBJC_IMPLICIT_RETAIN_SELF = YES;
				CLANG_WARN_OBJC_LITERAL_CONVERSION = YES;
				CLANG_WARN_OBJC_ROOT_CLASS = YES_ERROR;
				CLANG_WARN_QUOTED_INCLUDE_IN_FRAMEWORK_HEADER = YES;
				CLANG_WARN_RANGE_LOOP_ANALYSIS = YES;
				CLANG_WARN_STRICT_PROTOTYPES = YES;
				CLANG_WARN_SUSPICIOUS_MOVE = YES;
				CLANG_WARN_UNGUARDED_AVAILABILITY = YES_AGGRESSIVE;
				CLANG_WARN_UNREACHABLE_CODE = YES;
				CLANG_WARN__DUPLICATE_METHOD_MATCH = YES;
				COPY_PHASE_STRIP = NO;
				DEBUG_INFORMATION_FORMAT = dwarf;
				ENABLE_STRICT_OBJC_MSGSEND = YES;
				ENABLE_TESTABILITY = YES;
				GCC_C_LANGUAGE_STANDARD = gnu11;
				GCC_DYNAMIC_NO_PIC = NO;
				GCC_NO_COMMON_BLOCKS = YES;
				GCC_OPTIMIZATION_LEVEL = 0;
				GCC_PREPROCESSOR_DEFINITIONS = (
					"DEBUG=1",
					"$(inherited)",
				);
				GCC_WARN_64_TO_32_BIT_CONVERSION = YES;
				GCC_WARN_ABOUT_RETURN_TYPE = YES_ERROR;
				GCC_WARN_UNDECLARED_SELECTOR = YES;
				GCC_WARN_UNINITIALIZED_AUTOS = YES_AGGRESSIVE;
				GCC_WARN_UNUSED_FUNCTION = YES;
				GCC_WARN_UNUSED_VARIABLE = YES;
				IPHONEOS_DEPLOYMENT_TARGET = 15.5;
				MTL_ENABLE_DEBUG_INFO = INCLUDE_SOURCE;
				MTL_FAST_MATH = YES;
				ONLY_ACTIVE_ARCH = YES;
				SDKROOT = iphoneos;
				SWIFT_ACTIVE_COMPILATION_CONDITIONS = DEBUG;
				SWIFT_OPTIMIZATION_LEVEL = "-Onone";
			};
			name = Debug;
		};
		B71981EB2940A1D30043A149 /* Release */ = {
			isa = XCBuildConfiguration;
			buildSettings = {
				ALWAYS_SEARCH_USER_PATHS = NO;
				CLANG_ANALYZER_NONNULL = YES;
				CLANG_ANALYZER_NUMBER_OBJECT_CONVERSION = YES_AGGRESSIVE;
				CLANG_CXX_LANGUAGE_STANDARD = "gnu++17";
				CLANG_ENABLE_MODULES = YES;
				CLANG_ENABLE_OBJC_ARC = YES;
				CLANG_ENABLE_OBJC_WEAK = YES;
				CLANG_WARN_BLOCK_CAPTURE_AUTORELEASING = YES;
				CLANG_WARN_BOOL_CONVERSION = YES;
				CLANG_WARN_COMMA = YES;
				CLANG_WARN_CONSTANT_CONVERSION = YES;
				CLANG_WARN_DEPRECATED_OBJC_IMPLEMENTATIONS = YES;
				CLANG_WARN_DIRECT_OBJC_ISA_USAGE = YES_ERROR;
				CLANG_WARN_DOCUMENTATION_COMMENTS = YES;
				CLANG_WARN_EMPTY_BODY = YES;
				CLANG_WARN_ENUM_CONVERSION = YES;
				CLANG_WARN_INFINITE_RECURSION = YES;
				CLANG_WARN_INT_CONVERSION = YES;
				CLANG_WARN_NON_LITERAL_NULL_CONVERSION = YES;
				CLANG_WARN_OBJC_IMPLICIT_RETAIN_SELF = YES;
				CLANG_WARN_OBJC_LITERAL_CONVERSION = YES;
				CLANG_WARN_OBJC_ROOT_CLASS = YES_ERROR;
				CLANG_WARN_QUOTED_INCLUDE_IN_FRAMEWORK_HEADER = YES;
				CLANG_WARN_RANGE_LOOP_ANALYSIS = YES;
				CLANG_WARN_STRICT_PROTOTYPES = YES;
				CLANG_WARN_SUSPICIOUS_MOVE = YES;
				CLANG_WARN_UNGUARDED_AVAILABILITY = YES_AGGRESSIVE;
				CLANG_WARN_UNREACHABLE_CODE = YES;
				CLANG_WARN__DUPLICATE_METHOD_MATCH = YES;
				COPY_PHASE_STRIP = NO;
				DEBUG_INFORMATION_FORMAT = "dwarf-with-dsym";
				ENABLE_NS_ASSERTIONS = NO;
				ENABLE_STRICT_OBJC_MSGSEND = YES;
				GCC_C_LANGUAGE_STANDARD = gnu11;
				GCC_NO_COMMON_BLOCKS = YES;
				GCC_WARN_64_TO_32_BIT_CONVERSION = YES;
				GCC_WARN_ABOUT_RETURN_TYPE = YES_ERROR;
				GCC_WARN_UNDECLARED_SELECTOR = YES;
				GCC_WARN_UNINITIALIZED_AUTOS = YES_AGGRESSIVE;
				GCC_WARN_UNUSED_FUNCTION = YES;
				GCC_WARN_UNUSED_VARIABLE = YES;
				IPHONEOS_DEPLOYMENT_TARGET = 15.5;
				MTL_ENABLE_DEBUG_INFO = NO;
				MTL_FAST_MATH = YES;
				SDKROOT = iphoneos;
				SWIFT_COMPILATION_MODE = wholemodule;
				SWIFT_OPTIMIZATION_LEVEL = "-O";
				VALIDATE_PRODUCT = YES;
			};
			name = Release;
		};
		B71981ED2940A1D30043A149 /* Debug */ = {
			isa = XCBuildConfiguration;
			baseConfigurationReference = F59604E96CCE7770320A335F /* Pods-ServerBackground.debug.xcconfig */;
			buildSettings = {
				ASSETCATALOG_COMPILER_APPICON_NAME = AppIcon;
				ASSETCATALOG_COMPILER_GLOBAL_ACCENT_COLOR_NAME = AccentColor;
				CLANG_ENABLE_MODULES = YES;
				CODE_SIGN_STYLE = Automatic;
				CURRENT_PROJECT_VERSION = 1;
				DEVELOPMENT_TEAM = 4YSC6LS3SY;
				GENERATE_INFOPLIST_FILE = YES;
				INFOPLIST_FILE = ServerBackground/Info.plist;
				INFOPLIST_KEY_UIApplicationSupportsIndirectInputEvents = YES;
				INFOPLIST_KEY_UILaunchStoryboardName = LaunchScreen;
				INFOPLIST_KEY_UIMainStoryboardFile = Main;
				INFOPLIST_KEY_UISupportedInterfaceOrientations_iPad = "UIInterfaceOrientationPortrait UIInterfaceOrientationPortraitUpsideDown UIInterfaceOrientationLandscapeLeft UIInterfaceOrientationLandscapeRight";
				INFOPLIST_KEY_UISupportedInterfaceOrientations_iPhone = "UIInterfaceOrientationPortrait UIInterfaceOrientationLandscapeLeft UIInterfaceOrientationLandscapeRight";
				LD_RUNPATH_SEARCH_PATHS = (
					"$(inherited)",
					"@executable_path/Frameworks",
				);
				MARKETING_VERSION = 1.0;
				PRODUCT_BUNDLE_IDENTIFIER = com.irisstudio.ServerBackground;
				PRODUCT_NAME = "$(TARGET_NAME)";
				SWIFT_EMIT_LOC_STRINGS = YES;
				SWIFT_OBJC_BRIDGING_HEADER = "ServerBackground/DataBase/ServerBackground-Bridging-Header.h";
				SWIFT_OPTIMIZATION_LEVEL = "-Onone";
				SWIFT_VERSION = 5.0;
				TARGETED_DEVICE_FAMILY = "1,2";
			};
			name = Debug;
		};
		B71981EE2940A1D30043A149 /* Release */ = {
			isa = XCBuildConfiguration;
			baseConfigurationReference = 70A7860EBFA89A828DD65D32 /* Pods-ServerBackground.release.xcconfig */;
			buildSettings = {
				ASSETCATALOG_COMPILER_APPICON_NAME = AppIcon;
				ASSETCATALOG_COMPILER_GLOBAL_ACCENT_COLOR_NAME = AccentColor;
				CLANG_ENABLE_MODULES = YES;
				CODE_SIGN_STYLE = Automatic;
				CURRENT_PROJECT_VERSION = 1;
				DEVELOPMENT_TEAM = 4YSC6LS3SY;
				GENERATE_INFOPLIST_FILE = YES;
				INFOPLIST_FILE = ServerBackground/Info.plist;
				INFOPLIST_KEY_UIApplicationSupportsIndirectInputEvents = YES;
				INFOPLIST_KEY_UILaunchStoryboardName = LaunchScreen;
				INFOPLIST_KEY_UIMainStoryboardFile = Main;
				INFOPLIST_KEY_UISupportedInterfaceOrientations_iPad = "UIInterfaceOrientationPortrait UIInterfaceOrientationPortraitUpsideDown UIInterfaceOrientationLandscapeLeft UIInterfaceOrientationLandscapeRight";
				INFOPLIST_KEY_UISupportedInterfaceOrientations_iPhone = "UIInterfaceOrientationPortrait UIInterfaceOrientationLandscapeLeft UIInterfaceOrientationLandscapeRight";
				LD_RUNPATH_SEARCH_PATHS = (
					"$(inherited)",
					"@executable_path/Frameworks",
				);
				MARKETING_VERSION = 1.0;
				PRODUCT_BUNDLE_IDENTIFIER = com.irisstudio.ServerBackground;
				PRODUCT_NAME = "$(TARGET_NAME)";
				SWIFT_EMIT_LOC_STRINGS = YES;
				SWIFT_OBJC_BRIDGING_HEADER = "ServerBackground/DataBase/ServerBackground-Bridging-Header.h";
				SWIFT_VERSION = 5.0;
				TARGETED_DEVICE_FAMILY = "1,2";
			};
			name = Release;
		};
/* End XCBuildConfiguration section */

/* Begin XCConfigurationList section */
		B71981D32940A1CE0043A149 /* Build configuration list for PBXProject "ServerBackground" */ = {
			isa = XCConfigurationList;
			buildConfigurations = (
				B71981EA2940A1D30043A149 /* Debug */,
				B71981EB2940A1D30043A149 /* Release */,
			);
			defaultConfigurationIsVisible = 0;
			defaultConfigurationName = Release;
		};
		B71981EC2940A1D30043A149 /* Build configuration list for PBXNativeTarget "ServerBackground" */ = {
			isa = XCConfigurationList;
			buildConfigurations = (
				B71981ED2940A1D30043A149 /* Debug */,
				B71981EE2940A1D30043A149 /* Release */,
			);
			defaultConfigurationIsVisible = 0;
			defaultConfigurationName = Release;
		};
/* End XCConfigurationList section */
	};
	rootObject = B71981D02940A1CE0043A149 /* Project object */;
}
